
Microsoft Visual Studio Solution File, Format Version 12.00
# Visual Studio Version 16
VisualStudioVersion = 16.0.29418.71
MinimumVisualStudioVersion = 10.0.40219.1
Project("{9A19103F-16F7-4668-BE54-9A1E7A4F7556}") = "Nager.DotConfigParser.UnitTest", "Nager.DotConfigParser.UnitTest\Nager.DotConfigParser.UnitTest.csproj", "{F9DB0D7D-013D-4D12-A24C-0AB1648263A3}"
EndProject
Project("{9A19103F-16F7-4668-BE54-9A1E7A4F7556}") = "Nager.DotConfigParser", "Nager.DotConfigParser\Nager.DotConfigParser.csproj", "{A0F730CA-E36B-4A03-BC98-B4A284792E08}"
EndProject
Global
	GlobalSection(SolutionConfigurationPlatforms) = preSolution
		Debug|Any CPU = Debug|Any CPU
		Release|Any CPU = Release|Any CPU
	EndGlobalSection
	GlobalSection(ProjectConfigurationPlatforms) = postSolution
		{F9DB0D7D-013D-4D12-A24C-0AB1648263A3}.Debug|Any CPU.ActiveCfg = Debug|Any CPU
		{F9DB0D7D-013D-4D12-A24C-0AB1648263A3}.Debug|Any CPU.Build.0 = Debug|Any CPU
		{F9DB0D7D-013D-4D12-A24C-0AB1648263A3}.Release|Any CPU.ActiveCfg = Release|Any CPU
		{F9DB0D7D-013D-4D12-A24C-0AB1648263A3}.Release|Any CPU.Build.0 = Release|Any CPU
		{A0F730CA-E36B-4A03-BC98-B4A284792E08}.Debug|Any CPU.ActiveCfg = Debug|Any CPU
		{A0F730CA-E36B-4A03-BC98-B4A284792E08}.Debug|Any CPU.Build.0 = Debug|Any CPU
		{A0F730CA-E36B-4A03-BC98-B4A284792E08}.Release|Any CPU.ActiveCfg = Release|Any CPU
		{A0F730CA-E36B-4A03-BC98-B4A284792E08}.Release|Any CPU.Build.0 = Release|Any CPU
	EndGlobalSection
	GlobalSection(SolutionProperties) = preSolution
		HideSolutionNode = FALSE
	EndGlobalSection
	GlobalSection(ExtensibilityGlobals) = postSolution
		SolutionGuid = {74412D41-6D2E-49F6-9F93-C6C33FF2D38A}
	EndGlobalSection
EndGlobal
